
Microsoft Visual Studio Solution File, Format Version 12.00
# Visual Studio Version 16
VisualStudioVersion = 16.0.31313.79
MinimumVisualStudioVersion = 10.0.40219.1
Project("{FAE04EC0-301F-11D3-BF4B-00C04F79EFBC}") = "Classroom.Backend", "Classroom.Backend.csproj", "{D9C544BC-40C1-4F20-BC04-C82EB5E83527}"
EndProject
Global
	GlobalSection(SolutionConfigurationPlatforms) = preSolution
		Debug|Any CPU = Debug|Any CPU
		Release|Any CPU = Release|Any CPU
	EndGlobalSection
	GlobalSection(ProjectConfigurationPlatforms) = postSolution
		{D9C544BC-40C1-4F20-BC04-C82EB5E83527}.Debug|Any CPU.ActiveCfg = Debug|Any CPU
		{D9C544BC-40C1-4F20-BC04-C82EB5E83527}.Debug|Any CPU.Build.0 = Debug|Any CPU
		{D9C544BC-40C1-4F20-BC04-C82EB5E83527}.Release|Any CPU.ActiveCfg = Release|Any CPU
		{D9C544BC-40C1-4F20-BC04-C82EB5E83527}.Release|Any CPU.Build.0 = Release|Any CPU
	EndGlobalSection
	GlobalSection(SolutionProperties) = preSolution
		HideSolutionNode = FALSE
	EndGlobalSection
	GlobalSection(ExtensibilityGlobals) = postSolution
		SolutionGuid = {77094055-3288-4BD1-869C-826DC0EB2113}
	EndGlobalSection
EndGlobal
